
Microsoft Visual Studio Solution File, Format Version 12.00
# Visual Studio Version 17
VisualStudioVersion = 17.0.31912.275
MinimumVisualStudioVersion = 10.0.40219.1
Project("{9A19103F-16F7-4668-BE54-9A1E7A4F7556}") = "TombIDE", "TombIDE\TombIDE.csproj", "{DF5A9193-16BF-4EC5-B154-C19788CA3412}"
EndProject
Project("{9A19103F-16F7-4668-BE54-9A1E7A4F7556}") = "TombIDE.Core", "TombIDE.Core\TombIDE.Core.csproj", "{01950F67-AE2E-4930-A455-6B2A517AF49F}"
EndProject
Project("{9A19103F-16F7-4668-BE54-9A1E7A4F7556}") = "TombIDE.Formats.Trproj", "TombIDE.Formats.Trproj\TombIDE.Formats.Trproj.csproj", "{6ABBA3B7-6674-4993-A993-5129EBACB791}"
EndProject
Project("{9A19103F-16F7-4668-BE54-9A1E7A4F7556}") = "TombIDE.Formats.Parc", "TombIDE.Formats.Parc\TombIDE.Formats.Parc.csproj", "{0AE4CC97-1D86-46BB-B1D8-02B06C15275A}"
EndProject
Project("{9A19103F-16F7-4668-BE54-9A1E7A4F7556}") = "TombIDE.Services", "TombIDE.Services\TombIDE.Services.csproj", "{96126049-F8EB-4116-B193-EB109BFD800A}"
EndProject
Global
	GlobalSection(SolutionConfigurationPlatforms) = preSolution
		Debug|Any CPU = Debug|Any CPU
		Release|Any CPU = Release|Any CPU
	EndGlobalSection
	GlobalSection(ProjectConfigurationPlatforms) = postSolution
		{DF5A9193-16BF-4EC5-B154-C19788CA3412}.Debug|Any CPU.ActiveCfg = Debug|Any CPU
		{DF5A9193-16BF-4EC5-B154-C19788CA3412}.Debug|Any CPU.Build.0 = Debug|Any CPU
		{DF5A9193-16BF-4EC5-B154-C19788CA3412}.Release|Any CPU.ActiveCfg = Release|Any CPU
		{DF5A9193-16BF-4EC5-B154-C19788CA3412}.Release|Any CPU.Build.0 = Release|Any CPU
		{01950F67-AE2E-4930-A455-6B2A517AF49F}.Debug|Any CPU.ActiveCfg = Debug|Any CPU
		{01950F67-AE2E-4930-A455-6B2A517AF49F}.Debug|Any CPU.Build.0 = Debug|Any CPU
		{01950F67-AE2E-4930-A455-6B2A517AF49F}.Release|Any CPU.ActiveCfg = Release|Any CPU
		{01950F67-AE2E-4930-A455-6B2A517AF49F}.Release|Any CPU.Build.0 = Release|Any CPU
		{6ABBA3B7-6674-4993-A993-5129EBACB791}.Debug|Any CPU.ActiveCfg = Debug|Any CPU
		{6ABBA3B7-6674-4993-A993-5129EBACB791}.Debug|Any CPU.Build.0 = Debug|Any CPU
		{6ABBA3B7-6674-4993-A993-5129EBACB791}.Release|Any CPU.ActiveCfg = Release|Any CPU
		{6ABBA3B7-6674-4993-A993-5129EBACB791}.Release|Any CPU.Build.0 = Release|Any CPU
		{0AE4CC97-1D86-46BB-B1D8-02B06C15275A}.Debug|Any CPU.ActiveCfg = Debug|Any CPU
		{0AE4CC97-1D86-46BB-B1D8-02B06C15275A}.Debug|Any CPU.Build.0 = Debug|Any CPU
		{0AE4CC97-1D86-46BB-B1D8-02B06C15275A}.Release|Any CPU.ActiveCfg = Release|Any CPU
		{0AE4CC97-1D86-46BB-B1D8-02B06C15275A}.Release|Any CPU.Build.0 = Release|Any CPU
		{96126049-F8EB-4116-B193-EB109BFD800A}.Debug|Any CPU.ActiveCfg = Debug|Any CPU
		{96126049-F8EB-4116-B193-EB109BFD800A}.Debug|Any CPU.Build.0 = Debug|Any CPU
		{96126049-F8EB-4116-B193-EB109BFD800A}.Release|Any CPU.ActiveCfg = Release|Any CPU
		{96126049-F8EB-4116-B193-EB109BFD800A}.Release|Any CPU.Build.0 = Release|Any CPU
	EndGlobalSection
	GlobalSection(SolutionProperties) = preSolution
		HideSolutionNode = FALSE
	EndGlobalSection
	GlobalSection(ExtensibilityGlobals) = postSolution
		SolutionGuid = {33BAEDFD-6C6C-4534-BCF7-45C837BC59CD}
	EndGlobalSection
EndGlobal
